
Microsoft Visual Studio Solution File, Format Version 12.00
# Visual Studio Version 17
VisualStudioVersion = 17.8.34330.188
MinimumVisualStudioVersion = 10.0.40219.1
Project("{FAE04EC0-301F-11D3-BF4B-00C04F79EFBC}") = "HotellCham", "HotellCham\HotellCham.csproj", "{B6049BE8-A259-43D6-B0F9-8124CC8C156F}"
EndProject
Project("{FAE04EC0-301F-11D3-BF4B-00C04F79EFBC}") = "Library", "Library\Library.csproj", "{230D7625-F1B4-4A66-83E8-DBFF34A06FD0}"
EndProject
Global
	GlobalSection(SolutionConfigurationPlatforms) = preSolution
		Debug|Any CPU = Debug|Any CPU
		Release|Any CPU = Release|Any CPU
	EndGlobalSection
	GlobalSection(ProjectConfigurationPlatforms) = postSolution
		{B6049BE8-A259-43D6-B0F9-8124CC8C156F}.Debug|Any CPU.ActiveCfg = Debug|Any CPU
		{B6049BE8-A259-43D6-B0F9-8124CC8C156F}.Debug|Any CPU.Build.0 = Debug|Any CPU
		{B6049BE8-A259-43D6-B0F9-8124CC8C156F}.Release|Any CPU.ActiveCfg = Release|Any CPU
		{B6049BE8-A259-43D6-B0F9-8124CC8C156F}.Release|Any CPU.Build.0 = Release|Any CPU
		{230D7625-F1B4-4A66-83E8-DBFF34A06FD0}.Debug|Any CPU.ActiveCfg = Debug|Any CPU
		{230D7625-F1B4-4A66-83E8-DBFF34A06FD0}.Debug|Any CPU.Build.0 = Debug|Any CPU
		{230D7625-F1B4-4A66-83E8-DBFF34A06FD0}.Release|Any CPU.ActiveCfg = Release|Any CPU
		{230D7625-F1B4-4A66-83E8-DBFF34A06FD0}.Release|Any CPU.Build.0 = Release|Any CPU
	EndGlobalSection
	GlobalSection(SolutionProperties) = preSolution
		HideSolutionNode = FALSE
	EndGlobalSection
	GlobalSection(ExtensibilityGlobals) = postSolution
		SolutionGuid = {59100521-3970-4CD3-A61A-583AF271A686}
	EndGlobalSection
EndGlobal
